
Microsoft Visual Studio Solution File, Format Version 12.00
# Visual Studio Version 17
VisualStudioVersion = 17.5.33516.290
MinimumVisualStudioVersion = 10.0.40219.1
Project("{FAE04EC0-301F-11D3-BF4B-00C04F79EFBC}") = "Practice17.2", "Practice17.2\Practice17.2.csproj", "{DD30A585-6DB1-4A00-AE91-E59959FF54B7}"
EndProject
Global
	GlobalSection(SolutionConfigurationPlatforms) = preSolution
		Debug|Any CPU = Debug|Any CPU
		Release|Any CPU = Release|Any CPU
	EndGlobalSection
	GlobalSection(ProjectConfigurationPlatforms) = postSolution
		{DD30A585-6DB1-4A00-AE91-E59959FF54B7}.Debug|Any CPU.ActiveCfg = Debug|Any CPU
		{DD30A585-6DB1-4A00-AE91-E59959FF54B7}.Debug|Any CPU.Build.0 = Debug|Any CPU
		{DD30A585-6DB1-4A00-AE91-E59959FF54B7}.Release|Any CPU.ActiveCfg = Release|Any CPU
		{DD30A585-6DB1-4A00-AE91-E59959FF54B7}.Release|Any CPU.Build.0 = Release|Any CPU
	EndGlobalSection
	GlobalSection(SolutionProperties) = preSolution
		HideSolutionNode = FALSE
	EndGlobalSection
	GlobalSection(ExtensibilityGlobals) = postSolution
		SolutionGuid = {9D33D131-7316-48DC-8DAA-16FD5EB760CB}
	EndGlobalSection
EndGlobal
